
Microsoft Visual Studio Solution File, Format Version 12.00
# Visual Studio 15
VisualStudioVersion = 15.0.27004.2002
MinimumVisualStudioVersion = 10.0.40219.1
Project("{FAE04EC0-301F-11D3-BF4B-00C04F79EFBC}") = "SimpleLineWebHook", "SimpleLineWebHook\SimpleLineWebHook.csproj", "{2DC293B5-3AAE-4B78-AC6C-65046237F321}"
EndProject
Global
	GlobalSection(SolutionConfigurationPlatforms) = preSolution
		Debug|Any CPU = Debug|Any CPU
		Release|Any CPU = Release|Any CPU
	EndGlobalSection
	GlobalSection(ProjectConfigurationPlatforms) = postSolution
		{2DC293B5-3AAE-4B78-AC6C-65046237F321}.Debug|Any CPU.ActiveCfg = Debug|Any CPU
		{2DC293B5-3AAE-4B78-AC6C-65046237F321}.Debug|Any CPU.Build.0 = Debug|Any CPU
		{2DC293B5-3AAE-4B78-AC6C-65046237F321}.Release|Any CPU.ActiveCfg = Release|Any CPU
		{2DC293B5-3AAE-4B78-AC6C-65046237F321}.Release|Any CPU.Build.0 = Release|Any CPU
	EndGlobalSection
	GlobalSection(SolutionProperties) = preSolution
		HideSolutionNode = FALSE
	EndGlobalSection
	GlobalSection(ExtensibilityGlobals) = postSolution
		SolutionGuid = {40CFDDF5-73DF-47FF-8D68-E7225F8B9161}
	EndGlobalSection
EndGlobal
